
Microsoft Visual Studio Solution File, Format Version 12.00
# Visual Studio 2013
VisualStudioVersion = 12.0.21005.1
MinimumVisualStudioVersion = 10.0.40219.1
Project("{FAE04EC0-301F-11D3-BF4B-00C04F79EFBC}") = "ServerTrack", "ServerTrack\ServerTrack.csproj", "{6945C882-7F66-45AB-AA70-3A1FDB1B3964}"
EndProject
Project("{FAE04EC0-301F-11D3-BF4B-00C04F79EFBC}") = "ServerTrack.Tests", "ServerTrack.Tests\ServerTrack.Tests.csproj", "{8FDD59F5-7A23-4DED-91DE-16184E06D871}"
EndProject
Global
	GlobalSection(SolutionConfigurationPlatforms) = preSolution
		Debug|Any CPU = Debug|Any CPU
		Release|Any CPU = Release|Any CPU
	EndGlobalSection
	GlobalSection(ProjectConfigurationPlatforms) = postSolution
		{6945C882-7F66-45AB-AA70-3A1FDB1B3964}.Debug|Any CPU.ActiveCfg = Debug|Any CPU
		{6945C882-7F66-45AB-AA70-3A1FDB1B3964}.Debug|Any CPU.Build.0 = Debug|Any CPU
		{6945C882-7F66-45AB-AA70-3A1FDB1B3964}.Release|Any CPU.ActiveCfg = Release|Any CPU
		{6945C882-7F66-45AB-AA70-3A1FDB1B3964}.Release|Any CPU.Build.0 = Release|Any CPU
		{8FDD59F5-7A23-4DED-91DE-16184E06D871}.Debug|Any CPU.ActiveCfg = Debug|Any CPU
		{8FDD59F5-7A23-4DED-91DE-16184E06D871}.Debug|Any CPU.Build.0 = Debug|Any CPU
		{8FDD59F5-7A23-4DED-91DE-16184E06D871}.Release|Any CPU.ActiveCfg = Release|Any CPU
		{8FDD59F5-7A23-4DED-91DE-16184E06D871}.Release|Any CPU.Build.0 = Release|Any CPU
	EndGlobalSection
	GlobalSection(SolutionProperties) = preSolution
		HideSolutionNode = FALSE
	EndGlobalSection
EndGlobal
